
Microsoft Visual Studio Solution File, Format Version 12.00
# Visual Studio Version 17
VisualStudioVersion = 17.13.35931.197 d17.13
MinimumVisualStudioVersion = 10.0.40219.1
Project("{2150E333-8FDC-42A3-9474-1A3956D46DE8}") = "Libraries", "Libraries", "{02EA681E-C7D8-13C7-8484-4AC65E1B71E8}"
EndProject
Project("{2150E333-8FDC-42A3-9474-1A3956D46DE8}") = "Presentantion", "Presentantion", "{43FD2C97-744B-49A7-9AC8-F7E2C0A08550}"
EndProject
Project("{FAE04EC0-301F-11D3-BF4B-00C04F79EFBC}") = "Product.Api", "src\Product.Api\Product.Api.csproj", "{43668110-B5EE-4FD3-A7F7-006DF586C52A}"
EndProject
Project("{FAE04EC0-301F-11D3-BF4B-00C04F79EFBC}") = "Product.Application", "src\Product.Application\Product.Application.csproj", "{69EDEDAB-4A20-4441-B979-F66AC5305D8A}"
EndProject
Project("{FAE04EC0-301F-11D3-BF4B-00C04F79EFBC}") = "Product.Core", "src\Product.Core\Product.Core.csproj", "{9E735982-15C2-4A44-8C50-450518BDD0B0}"
EndProject
Project("{FAE04EC0-301F-11D3-BF4B-00C04F79EFBC}") = "Product.Infra.Data", "src\Product.Infra.Data\Product.Infra.Data.csproj", "{2584B1B8-298A-4720-9F3D-CE2FFB56C036}"
EndProject
Project("{FAE04EC0-301F-11D3-BF4B-00C04F79EFBC}") = "Product.Infra.IoC", "src\Product.Infra.IoC\Product.Infra.IoC.csproj", "{B379D005-B4EB-4D29-90D8-082B692C37BD}"
EndProject
Global
	GlobalSection(SolutionConfigurationPlatforms) = preSolution
		Debug|Any CPU = Debug|Any CPU
		Release|Any CPU = Release|Any CPU
	EndGlobalSection
	GlobalSection(ProjectConfigurationPlatforms) = postSolution
		{43668110-B5EE-4FD3-A7F7-006DF586C52A}.Debug|Any CPU.ActiveCfg = Debug|Any CPU
		{43668110-B5EE-4FD3-A7F7-006DF586C52A}.Debug|Any CPU.Build.0 = Debug|Any CPU
		{43668110-B5EE-4FD3-A7F7-006DF586C52A}.Release|Any CPU.ActiveCfg = Release|Any CPU
		{43668110-B5EE-4FD3-A7F7-006DF586C52A}.Release|Any CPU.Build.0 = Release|Any CPU
		{69EDEDAB-4A20-4441-B979-F66AC5305D8A}.Debug|Any CPU.ActiveCfg = Debug|Any CPU
		{69EDEDAB-4A20-4441-B979-F66AC5305D8A}.Debug|Any CPU.Build.0 = Debug|Any CPU
		{69EDEDAB-4A20-4441-B979-F66AC5305D8A}.Release|Any CPU.ActiveCfg = Release|Any CPU
		{69EDEDAB-4A20-4441-B979-F66AC5305D8A}.Release|Any CPU.Build.0 = Release|Any CPU
		{9E735982-15C2-4A44-8C50-450518BDD0B0}.Debug|Any CPU.ActiveCfg = Debug|Any CPU
		{9E735982-15C2-4A44-8C50-450518BDD0B0}.Debug|Any CPU.Build.0 = Debug|Any CPU
		{9E735982-15C2-4A44-8C50-450518BDD0B0}.Release|Any CPU.ActiveCfg = Release|Any CPU
		{9E735982-15C2-4A44-8C50-450518BDD0B0}.Release|Any CPU.Build.0 = Release|Any CPU
		{2584B1B8-298A-4720-9F3D-CE2FFB56C036}.Debug|Any CPU.ActiveCfg = Debug|Any CPU
		{2584B1B8-298A-4720-9F3D-CE2FFB56C036}.Debug|Any CPU.Build.0 = Debug|Any CPU
		{2584B1B8-298A-4720-9F3D-CE2FFB56C036}.Release|Any CPU.ActiveCfg = Release|Any CPU
		{2584B1B8-298A-4720-9F3D-CE2FFB56C036}.Release|Any CPU.Build.0 = Release|Any CPU
		{B379D005-B4EB-4D29-90D8-082B692C37BD}.Debug|Any CPU.ActiveCfg = Debug|Any CPU
		{B379D005-B4EB-4D29-90D8-082B692C37BD}.Debug|Any CPU.Build.0 = Debug|Any CPU
		{B379D005-B4EB-4D29-90D8-082B692C37BD}.Release|Any CPU.ActiveCfg = Release|Any CPU
		{B379D005-B4EB-4D29-90D8-082B692C37BD}.Release|Any CPU.Build.0 = Release|Any CPU
	EndGlobalSection
	GlobalSection(SolutionProperties) = preSolution
		HideSolutionNode = FALSE
	EndGlobalSection
	GlobalSection(NestedProjects) = preSolution
		{43668110-B5EE-4FD3-A7F7-006DF586C52A} = {43FD2C97-744B-49A7-9AC8-F7E2C0A08550}
		{69EDEDAB-4A20-4441-B979-F66AC5305D8A} = {02EA681E-C7D8-13C7-8484-4AC65E1B71E8}
		{9E735982-15C2-4A44-8C50-450518BDD0B0} = {02EA681E-C7D8-13C7-8484-4AC65E1B71E8}
		{2584B1B8-298A-4720-9F3D-CE2FFB56C036} = {02EA681E-C7D8-13C7-8484-4AC65E1B71E8}
		{B379D005-B4EB-4D29-90D8-082B692C37BD} = {02EA681E-C7D8-13C7-8484-4AC65E1B71E8}
	EndGlobalSection
	GlobalSection(ExtensibilityGlobals) = postSolution
		SolutionGuid = {DE1E2E84-EE90-465D-8B59-4FDDBB515D8E}
	EndGlobalSection
EndGlobal
